// !$*UTF8*$!
{
	archiveVersion = 1;
	classes = {
	};
	objectVersion = 46;
	objects = {

/* Begin PBXBuildFile section */
		293BFD231DC10A55003FAEF0 /* main.cpp in Sources */ = {isa = PBXBuildFile; fileRef = 293BFD221DC10A55003FAEF0 /* main.cpp */; };
/* End PBXBuildFile section */

/* Begin PBXCopyFilesBuildPhase section */
		293BFD141DC10854003FAEF0 /* CopyFiles */ = {
			isa = PBXCopyFilesBuildPhase;
			buildActionMask = 2147483647;
			dstPath = /usr/share/man/man1/;
			dstSubfolderSpec = 0;
			files = (
			);
			runOnlyForDeploymentPostprocessing = 1;
		};
/* End PBXCopyFilesBuildPhase section */

/* Begin PBXFileReference section */
		293BFD161DC10854003FAEF0 /* XcodeZombieCodeAnalyzer */ = {isa = PBXFileReference; explicitFileType = "compiled.mach-o.executable"; includeInIndex = 0; path = XcodeZombieCodeAnalyzer; sourceTree = BUILT_PRODUCTS_DIR; };
		293BFD201DC10A55003FAEF0 /* ZombieCodeUtil.hpp */ = {isa = PBXFileReference; fileEncoding = 4; lastKnownFileType = sourcecode.cpp.h; path = ZombieCodeUtil.hpp; sourceTree = "<group>"; };
		293BFD211DC10A55003FAEF0 /* json.hpp */ = {isa = PBXFileReference; fileEncoding = 4; lastKnownFileType = sourcecode.cpp.h; path = json.hpp; sourceTree = "<group>"; };
		293BFD221DC10A55003FAEF0 /* main.cpp */ = {isa = PBXFileReference; fileEncoding = 4; lastKnownFileType = sourcecode.cpp.cpp; path = main.cpp; sourceTree = "<group>"; };
/* End PBXFileReference section */

/* Begin PBXFrameworksBuildPhase section */
		293BFD131DC10854003FAEF0 /* Frameworks */ = {
			isa = PBXFrameworksBuildPhase;
			buildActionMask = 2147483647;
			files = (
			);
			runOnlyForDeploymentPostprocessing = 0;
		};
/* End PBXFrameworksBuildPhase section */

/* Begin PBXGroup section */
		293BFD0D1DC10854003FAEF0 = {
			isa = PBXGroup;
			children = (
				293BFD181DC10854003FAEF0 /* XcodeZombieCodeAnalyzer */,
				293BFD171DC10854003FAEF0 /* Products */,
			);
			sourceTree = "<group>";
		};
		293BFD171DC10854003FAEF0 /* Products */ = {
			isa = PBXGroup;
			children = (
				293BFD161DC10854003FAEF0 /* XcodeZombieCodeAnalyzer */,
			);
			name = Products;
			sourceTree = "<group>";
		};
		293BFD181DC10854003FAEF0 /* XcodeZombieCodeAnalyzer */ = {
			isa = PBXGroup;
			children = (
				293BFD201DC10A55003FAEF0 /* ZombieCodeUtil.hpp */,
				293BFD211DC10A55003FAEF0 /* json.hpp */,
				293BFD221DC10A55003FAEF0 /* main.cpp */,
			);
			path = XcodeZombieCodeAnalyzer;
			sourceTree = "<group>";
		};
/* End PBXGroup section */

/* Begin PBXNativeTarget section */
		293BFD151DC10854003FAEF0 /* XcodeZombieCodeAnalyzer */ = {
			isa = PBXNativeTarget;
			buildConfigurationList = 293BFD1D1DC10854003FAEF0 /* Build configuration list for PBXNativeTarget "XcodeZombieCodeAnalyzer" */;
			buildPhases = (
				293BFD121DC10854003FAEF0 /* Sources */,
				293BFD131DC10854003FAEF0 /* Frameworks */,
				293BFD141DC10854003FAEF0 /* CopyFiles */,
			);
			buildRules = (
			);
			dependencies = (
			);
			name = XcodeZombieCodeAnalyzer;
			productName = XcodeZombieCodeAnalyzer;
			productReference = 293BFD161DC10854003FAEF0 /* XcodeZombieCodeAnalyzer */;
			productType = "com.apple.product-type.tool";
		};
/* End PBXNativeTarget section */

/* Begin PBXProject section */
		293BFD0E1DC10854003FAEF0 /* Project object */ = {
			isa = PBXProject;
			attributes = {
				LastUpgradeCheck = 0800;
				ORGANIZATIONNAME = KyleWong;
				TargetAttributes = {
					293BFD151DC10854003FAEF0 = {
						CreatedOnToolsVersion = 8.0;
						DevelopmentTeam = VP3AM7E5ZL;
						ProvisioningStyle = Automatic;
					};
				};
			};
			buildConfigurationList = 293BFD111DC10854003FAEF0 /* Build configuration list for PBXProject "XcodeZombieCodeAnalyzer" */;
			compatibilityVersion = "Xcode 3.2";
			developmentRegion = English;
			hasScannedForEncodings = 0;
			knownRegions = (
				en,
			);
			mainGroup = 293BFD0D1DC10854003FAEF0;
			productRefGroup = 293BFD171DC10854003FAEF0 /* Products */;
			projectDirPath = "";
			projectRoot = "";
			targets = (
				293BFD151DC10854003FAEF0 /* XcodeZombieCodeAnalyzer */,
			);
		};
/* End PBXProject section */

/* Begin PBXSourcesBuildPhase section */
		293BFD121DC10854003FAEF0 /* Sources */ = {
			isa = PBXSourcesBuildPhase;
			buildActionMask = 2147483647;
			files = (
				293BFD231DC10A55003FAEF0 /* main.cpp in Sources */,
			);
			runOnlyForDeploymentPostprocessing = 0;
		};
/* End PBXSourcesBuildPhase section */

/* Begin XCBuildConfiguration section */
		293BFD1B1DC10854003FAEF0 /* Debug */ = {
			isa = XCBuildConfiguration;
			buildSettings = {
				ALWAYS_SEARCH_USER_PATHS = NO;
				CLANG_ANALYZER_NONNULL = YES;
				CLANG_CXX_LANGUAGE_STANDARD = "gnu++0x";
				CLANG_CXX_LIBRARY = "libc++";
				CLANG_ENABLE_MODULES = YES;
				CLANG_ENABLE_OBJC_ARC = YES;
				CLANG_WARN_BOOL_CONVERSION = YES;
				CLANG_WARN_CONSTANT_CONVERSION = YES;
				CLANG_WARN_DIRECT_OBJC_ISA_USAGE = YES_ERROR;
				CLANG_WARN_DOCUMENTATION_COMMENTS = YES;
				CLANG_WARN_EMPTY_BODY = YES;
				CLANG_WARN_ENUM_CONVERSION = YES;
				CLANG_WARN_INFINITE_RECURSION = YES;
				CLANG_WARN_INT_CONVERSION = YES;
				CLANG_WARN_OBJC_ROOT_CLASS = YES_ERROR;
				CLANG_WARN_SUSPICIOUS_MOVES = YES;
				CLANG_WARN_UNREACHABLE_CODE = YES;
				CLANG_WARN__DUPLICATE_METHOD_MATCH = YES;
				CODE_SIGN_IDENTITY = "-";
				COPY_PHASE_STRIP = NO;
				DEBUG_INFORMATION_FORMAT = dwarf;
				ENABLE_STRICT_OBJC_MSGSEND = YES;
				ENABLE_TESTABILITY = YES;
				GCC_C_LANGUAGE_STANDARD = gnu99;
				GCC_DYNAMIC_NO_PIC = NO;
				GCC_NO_COMMON_BLOCKS = YES;
				GCC_OPTIMIZATION_LEVEL = 0;
				GCC_PREPROCESSOR_DEFINITIONS = (
					"DEBUG=1",
					"$(inherited)",
				);
				GCC_WARN_64_TO_32_BIT_CONVERSION = YES;
				GCC_WARN_ABOUT_RETURN_TYPE = YES_ERROR;
				GCC_WARN_UNDECLARED_SELECTOR = YES;
				GCC_WARN_UNINITIALIZED_AUTOS = YES_AGGRESSIVE;
				GCC_WARN_UNUSED_FUNCTION = YES;
				GCC_WARN_UNUSED_VARIABLE = YES;
				MACOSX_DEPLOYMENT_TARGET = 10.12;
				MTL_ENABLE_DEBUG_INFO = YES;
				ONLY_ACTIVE_ARCH = YES;
				SDKROOT = macosx;
			};
			name = Debug;
		};
		293BFD1C1DC10854003FAEF0 /* Release */ = {
			isa = XCBuildConfiguration;
			buildSettings = {
				ALWAYS_SEARCH_USER_PATHS = NO;
				CLANG_ANALYZER_NONNULL = YES;
				CLANG_CXX_LANGUAGE_STANDARD = "gnu++0x";
				CLANG_CXX_LIBRARY = "libc++";
				CLANG_ENABLE_MODULES = YES;
				CLANG_ENABLE_OBJC_ARC = YES;
				CLANG_WARN_BOOL_CONVERSION = YES;
				CLANG_WARN_CONSTANT_CONVERSION = YES;
				CLANG_WARN_DIRECT_OBJC_ISA_USAGE = YES_ERROR;
				CLANG_WARN_DOCUMENTATION_COMMENTS = YES;
				CLANG_WARN_EMPTY_BODY = YES;
				CLANG_WARN_ENUM_CONVERSION = YES;
				CLANG_WARN_INFINITE_RECURSION = YES;
				CLANG_WARN_INT_CONVERSION = YES;
				CLANG_WARN_OBJC_ROOT_CLASS = YES_ERROR;
				CLANG_WARN_SUSPICIOUS_MOVES = YES;
				CLANG_WARN_UNREACHABLE_CODE = YES;
				CLANG_WARN__DUPLICATE_METHOD_MATCH = YES;
				CODE_SIGN_IDENTITY = "-";
				COPY_PHASE_STRIP = NO;
				DEBUG_INFORMATION_FORMAT = "dwarf-with-dsym";
				ENABLE_NS_ASSERTIONS = NO;
				ENABLE_STRICT_OBJC_MSGSEND = YES;
				GCC_C_LANGUAGE_STANDARD = gnu99;
				GCC_NO_COMMON_BLOCKS = YES;
				GCC_WARN_64_TO_32_BIT_CONVERSION = YES;
				GCC_WARN_ABOUT_RETURN_TYPE = YES_ERROR;
				GCC_WARN_UNDECLARED_SELECTOR = YES;
				GCC_WARN_UNINITIALIZED_AUTOS = YES_AGGRESSIVE;
				GCC_WARN_UNUSED_FUNCTION = YES;
				GCC_WARN_UNUSED_VARIABLE = YES;
				MACOSX_DEPLOYMENT_TARGET = 10.12;
				MTL_ENABLE_DEBUG_INFO = NO;
				SDKROOT = macosx;
			};
			name = Release;
		};
		293BFD1E1DC10854003FAEF0 /* Debug */ = {
			isa = XCBuildConfiguration;
			buildSettings = {
				CONFIGURATION_BUILD_DIR = /Users/kylewong/Documents/Codes/XcodeZombieCode/Analyzer;
				DEVELOPMENT_TEAM = VP3AM7E5ZL;
				PRODUCT_NAME = "$(TARGET_NAME)";
			};
			name = Debug;
		};
		293BFD1F1DC10854003FAEF0 /* Release */ = {
			isa = XCBuildConfiguration;
			buildSettings = {
				CONFIGURATION_BUILD_DIR = /Users/kylewong/Documents/Codes/XcodeZombieCode/Analyzer;
				DEVELOPMENT_TEAM = VP3AM7E5ZL;
				PRODUCT_NAME = "$(TARGET_NAME)";
			};
			name = Release;
		};
/* End XCBuildConfiguration section */

/* Begin XCConfigurationList section */
		293BFD111DC10854003FAEF0 /* Build configuration list for PBXProject "XcodeZombieCodeAnalyzer" */ = {
			isa = XCConfigurationList;
			buildConfigurations = (
				293BFD1B1DC10854003FAEF0 /* Debug */,
				293BFD1C1DC10854003FAEF0 /* Release */,
			);
			defaultConfigurationIsVisible = 0;
			defaultConfigurationName = Release;
		};
		293BFD1D1DC10854003FAEF0 /* Build configuration list for PBXNativeTarget "XcodeZombieCodeAnalyzer" */ = {
			isa = XCConfigurationList;
			buildConfigurations = (
				293BFD1E1DC10854003FAEF0 /* Debug */,
				293BFD1F1DC10854003FAEF0 /* Release */,
			);
			defaultConfigurationIsVisible = 0;
			defaultConfigurationName = Release;
		};
/* End XCConfigurationList section */
	};
	rootObject = 293BFD0E1DC10854003FAEF0 /* Project object */;
}
