<?xml version="1.0" encoding="UTF-8"?>
<Scheme
   LastUpgradeVersion = "0800"
   version = "1.7">
   <BuildAction
      parallelizeBuildables = "YES"
      buildImplicitDependencies = "YES">
      <BuildActionEntries>
         <BuildActionEntry
            buildForTesting = "YES"
            buildForRunning = "YES"
            buildForProfiling = "YES"
            buildForArchiving = "YES"
            buildForAnalyzing = "YES">
            <BuildableReference
               BuildableIdentifier = "primary"
               BlueprintIdentifier = "293BFD151DC10854003FAEF0"
               BuildableName = "XcodeZombieCodeAnalyzer"
               BlueprintName = "XcodeZombieCodeAnalyzer"
               ReferencedContainer = "container:XcodeZombieCodeAnalyzer.xcodeproj">
            </BuildableReference>
         </BuildActionEntry>
      </BuildActionEntries>
   </BuildAction>
   <TestAction
      buildConfiguration = "Debug"
      selectedDebuggerIdentifier = "Xcode.DebuggerFoundation.Debugger.LLDB"
      selectedLauncherIdentifier = "Xcode.DebuggerFoundation.Launcher.LLDB"
      shouldUseLaunchSchemeArgsEnv = "YES">
      <Testables>
      </Testables>
      <MacroExpansion>
         <BuildableReference
            BuildableIdentifier = "primary"
            BlueprintIdentifier = "293BFD151DC10854003FAEF0"
            BuildableName = "XcodeZombieCodeAnalyzer"
            BlueprintName = "XcodeZombieCodeAnalyzer"
            ReferencedContainer = "container:XcodeZombieCodeAnalyzer.xcodeproj">
         </BuildableReference>
      </MacroExpansion>
      <AdditionalOptions>
      </AdditionalOptions>
   </TestAction>
   <LaunchAction
      buildConfiguration = "Debug"
      selectedDebuggerIdentifier = "Xcode.DebuggerFoundation.Debugger.LLDB"
      selectedLauncherIdentifier = "Xcode.DebuggerFoundation.Launcher.LLDB"
      launchStyle = "0"
      useCustomWorkingDirectory = "NO"
      ignoresPersistentStateOnLaunch = "NO"
      debugDocumentVersioning = "YES"
      debugServiceExtension = "internal"
      allowLocationSimulation = "YES">
      <PreActions>
         <ExecutionAction
            ActionType = "Xcode.IDEStandardExecutionActionsCore.ExecutionActionType.ShellScriptAction">
            <ActionContent
               title = "Run Script"
               scriptText = "${SRCROOT}/../Analyzer/preBuild.sh">
               <EnvironmentBuildable>
                  <BuildableReference
                     BuildableIdentifier = "primary"
                     BlueprintIdentifier = "293BFD151DC10854003FAEF0"
                     BuildableName = "XcodeZombieCodeAnalyzer"
                     BlueprintName = "XcodeZombieCodeAnalyzer"
                     ReferencedContainer = "container:XcodeZombieCodeAnalyzer.xcodeproj">
                  </BuildableReference>
               </EnvironmentBuildable>
            </ActionContent>
         </ExecutionAction>
      </PreActions>
      <PostActions>
         <ExecutionAction
            ActionType = "Xcode.IDEStandardExecutionActionsCore.ExecutionActionType.ShellScriptAction">
            <ActionContent
               title = "Run Script"
               scriptText = "${SRCROOT}/../Analyzer/postBuild.sh">
               <EnvironmentBuildable>
                  <BuildableReference
                     BuildableIdentifier = "primary"
                     BlueprintIdentifier = "293BFD151DC10854003FAEF0"
                     BuildableName = "XcodeZombieCodeAnalyzer"
                     BlueprintName = "XcodeZombieCodeAnalyzer"
                     ReferencedContainer = "container:XcodeZombieCodeAnalyzer.xcodeproj">
                  </BuildableReference>
               </EnvironmentBuildable>
            </ActionContent>
         </ExecutionAction>
      </PostActions>
      <BuildableProductRunnable
         runnableDebuggingMode = "0">
         <BuildableReference
            BuildableIdentifier = "primary"
            BlueprintIdentifier = "293BFD151DC10854003FAEF0"
            BuildableName = "XcodeZombieCodeAnalyzer"
            BlueprintName = "XcodeZombieCodeAnalyzer"
            ReferencedContainer = "container:XcodeZombieCodeAnalyzer.xcodeproj">
         </BuildableReference>
      </BuildableProductRunnable>
      <CommandLineArguments>
         <CommandLineArgument
            argument = "/Users/kylewong/Codes/Repos/XcodeZombieCode/XcodeZombieCodeDemo/XcodeZombieCodeDemo.xcodeproj    /Users/kylewong/Codes/Repos/XcodeZombieCode   AppDelegate  -extra-arg=&quot;-isysroot/Applications/Xcode.app/Contents/Developer/Platforms/iPhoneSimulator.platform/Developer/SDKs/iPhoneSimulator11.4.sdk/&quot; -extra-arg=&quot;-I/Applications/Xcode.app/Contents/Developer/Toolchains/XcodeDefault.xctoolchain/usr/include/c++/v1&quot; -extra-arg=&quot;-mios-version-min=8.0&quot;"
            isEnabled = "YES">
         </CommandLineArgument>
      </CommandLineArguments>
      <AdditionalOptions>
      </AdditionalOptions>
   </LaunchAction>
   <ProfileAction
      buildConfiguration = "Release"
      shouldUseLaunchSchemeArgsEnv = "YES"
      savedToolIdentifier = ""
      useCustomWorkingDirectory = "NO"
      debugDocumentVersioning = "YES">
      <BuildableProductRunnable
         runnableDebuggingMode = "0">
         <BuildableReference
            BuildableIdentifier = "primary"
            BlueprintIdentifier = "293BFD151DC10854003FAEF0"
            BuildableName = "XcodeZombieCodeAnalyzer"
            BlueprintName = "XcodeZombieCodeAnalyzer"
            ReferencedContainer = "container:XcodeZombieCodeAnalyzer.xcodeproj">
         </BuildableReference>
      </BuildableProductRunnable>
   </ProfileAction>
   <AnalyzeAction
      buildConfiguration = "Debug">
   </AnalyzeAction>
   <ArchiveAction
      buildConfiguration = "Release"
      revealArchiveInOrganizer = "YES">
   </ArchiveAction>
</Scheme>
